
Microsoft Visual Studio Solution File, Format Version 12.00
# Visual Studio Version 16
VisualStudioVersion = 16.0.31402.337
MinimumVisualStudioVersion = 10.0.40219.1
Project("{8BC9CEB8-8B4A-11D0-8D11-00A0C91BC942}") = "PointersMatrice", "PointersMatrice\PointersMatrice.vcxproj", "{5D4438DF-0A44-41CC-97D7-F0F22FDBEE8D}"
EndProject
Global
	GlobalSection(SolutionConfigurationPlatforms) = preSolution
		Debug|x64 = Debug|x64
		Debug|x86 = Debug|x86
		Release|x64 = Release|x64
		Release|x86 = Release|x86
	EndGlobalSection
	GlobalSection(ProjectConfigurationPlatforms) = postSolution
		{5D4438DF-0A44-41CC-97D7-F0F22FDBEE8D}.Debug|x64.ActiveCfg = Debug|x64
		{5D4438DF-0A44-41CC-97D7-F0F22FDBEE8D}.Debug|x64.Build.0 = Debug|x64
		{5D4438DF-0A44-41CC-97D7-F0F22FDBEE8D}.Debug|x86.ActiveCfg = Debug|Win32
		{5D4438DF-0A44-41CC-97D7-F0F22FDBEE8D}.Debug|x86.Build.0 = Debug|Win32
		{5D4438DF-0A44-41CC-97D7-F0F22FDBEE8D}.Release|x64.ActiveCfg = Release|x64
		{5D4438DF-0A44-41CC-97D7-F0F22FDBEE8D}.Release|x64.Build.0 = Release|x64
		{5D4438DF-0A44-41CC-97D7-F0F22FDBEE8D}.Release|x86.ActiveCfg = Release|Win32
		{5D4438DF-0A44-41CC-97D7-F0F22FDBEE8D}.Release|x86.Build.0 = Release|Win32
	EndGlobalSection
	GlobalSection(SolutionProperties) = preSolution
		HideSolutionNode = FALSE
	EndGlobalSection
	GlobalSection(ExtensibilityGlobals) = postSolution
		SolutionGuid = {4311653D-3D85-4F8A-9F55-7A160D58E6E7}
	EndGlobalSection
EndGlobal
